
Microsoft Visual Studio Solution File, Format Version 12.00
# Visual Studio Version 17
VisualStudioVersion = 17.0.32014.148
MinimumVisualStudioVersion = 10.0.40219.1
Project("{FAE04EC0-301F-11D3-BF4B-00C04F79EFBC}") = "ExceptionUnitTesting", "ExceptionUnitTesting\ExceptionUnitTesting.csproj", "{6197466A-CCF1-49B3-AE64-41F1D847E767}"
EndProject
Project("{FAE04EC0-301F-11D3-BF4B-00C04F79EFBC}") = "ExceptionUnitTesting.Tests", "ExceptionUnitTesting.Tests\ExceptionUnitTesting.Tests.csproj", "{435A4E56-7F75-40C8-B550-ABC1F87E3D7D}"
EndProject
Global
	GlobalSection(SolutionConfigurationPlatforms) = preSolution
		Debug|Any CPU = Debug|Any CPU
		Release|Any CPU = Release|Any CPU
	EndGlobalSection
	GlobalSection(ProjectConfigurationPlatforms) = postSolution
		{6197466A-CCF1-49B3-AE64-41F1D847E767}.Debug|Any CPU.ActiveCfg = Debug|Any CPU
		{6197466A-CCF1-49B3-AE64-41F1D847E767}.Debug|Any CPU.Build.0 = Debug|Any CPU
		{6197466A-CCF1-49B3-AE64-41F1D847E767}.Release|Any CPU.ActiveCfg = Release|Any CPU
		{6197466A-CCF1-49B3-AE64-41F1D847E767}.Release|Any CPU.Build.0 = Release|Any CPU
		{435A4E56-7F75-40C8-B550-ABC1F87E3D7D}.Debug|Any CPU.ActiveCfg = Debug|Any CPU
		{435A4E56-7F75-40C8-B550-ABC1F87E3D7D}.Debug|Any CPU.Build.0 = Debug|Any CPU
		{435A4E56-7F75-40C8-B550-ABC1F87E3D7D}.Release|Any CPU.ActiveCfg = Release|Any CPU
		{435A4E56-7F75-40C8-B550-ABC1F87E3D7D}.Release|Any CPU.Build.0 = Release|Any CPU
	EndGlobalSection
	GlobalSection(SolutionProperties) = preSolution
		HideSolutionNode = FALSE
	EndGlobalSection
	GlobalSection(ExtensibilityGlobals) = postSolution
		SolutionGuid = {0F4D30E5-9E4F-4ED4-A10C-8EFCDADD0579}
	EndGlobalSection
EndGlobal
